{
  "name": "hawksearch-ui-demo",
  "lockfileVersion": 3,
  "requires": true,
  "packages": {
    "": {
      "dependencies": {
        "@bridgeline-digital/hawksearch-handlebars-ui": "^4.0.1"
      }
    },
    "node_modules/@bridgeline-digital/hawksearch-handlebars-ui": {
      "version": "4.0.1",
      "resolved": "https://registry.npmjs.org/@bridgeline-digital/hawksearch-handlebars-ui/-/hawksearch-handlebars-ui-4.0.1.tgz",
      "integrity": "sha512-2DJIhs7vs2YQNuh+FgV1XEsfpcs3lhEKtNC59IIrxsvjBx3/e5sw4X9lKB7Tj3BlJnH47RYfBu7kj2GmlX/4Tw=="
    }
  }
}
