{
  "name": "hawksearch-ui-demo",
  "lockfileVersion": 2,
  "requires": true,
  "packages": {
    "": {
      "dependencies": {
        "@bridgeline-digital/hawksearch-handlebars-ui": "^1.0.9"
      }
    },
    "node_modules/@bridgeline-digital/hawksearch-handlebars-ui": {
      "version": "1.0.9",
      "resolved": "https://registry.npmjs.org/@bridgeline-digital/hawksearch-handlebars-ui/-/hawksearch-handlebars-ui-1.0.9.tgz",
      "integrity": "sha512-eBEyAjFRhAj5Jc16S7zXUL2+2VfsiKq1RQklqpoJFhQizZR28WpRMJTdND89Tx1td7QXGQK6rRt5+u1FXG2PAA=="
    }
  },
  "dependencies": {
    "@bridgeline-digital/hawksearch-handlebars-ui": {
      "version": "1.0.9",
      "resolved": "https://registry.npmjs.org/@bridgeline-digital/hawksearch-handlebars-ui/-/hawksearch-handlebars-ui-1.0.9.tgz",
      "integrity": "sha512-eBEyAjFRhAj5Jc16S7zXUL2+2VfsiKq1RQklqpoJFhQizZR28WpRMJTdND89Tx1td7QXGQK6rRt5+u1FXG2PAA=="
    }
  }
}
