{
  "name": "hawksearch-ui-demo",
  "lockfileVersion": 3,
  "requires": true,
  "packages": {
    "": {
      "dependencies": {
        "@bridgeline-digital/hawksearch-handlebars-ui": "^6.0.0-beta.0"
      }
    },
    "node_modules/@bridgeline-digital/hawksearch-handlebars-ui": {
      "version": "6.0.0-beta.0",
      "resolved": "https://registry.npmjs.org/@bridgeline-digital/hawksearch-handlebars-ui/-/hawksearch-handlebars-ui-6.0.0-beta.0.tgz",
      "integrity": "sha512-KpsDGvwkTALedb4myR7a6cGSO9pHWQENMsakfxjLl7KxeiMQkD6LbLupk4jEPBPkCce8IRfN3qXZnxC5ujjvhg=="
    }
  }
}
